
Microsoft Visual Studio Solution File, Format Version 12.00
# Visual Studio Version 16
VisualStudioVersion = 16.0.30104.148
MinimumVisualStudioVersion = 10.0.40219.1
Project("{FAE04EC0-301F-11D3-BF4B-00C04F79EFBC}") = "Crawler", "Crawler\Crawler.csproj", "{90ACF161-FD3C-4195-9679-F50591CE0F7E}"
EndProject
Global
	GlobalSection(SolutionConfigurationPlatforms) = preSolution
		Debug|Any CPU = Debug|Any CPU
		Release|Any CPU = Release|Any CPU
	EndGlobalSection
	GlobalSection(ProjectConfigurationPlatforms) = postSolution
		{90ACF161-FD3C-4195-9679-F50591CE0F7E}.Debug|Any CPU.ActiveCfg = Debug|Any CPU
		{90ACF161-FD3C-4195-9679-F50591CE0F7E}.Debug|Any CPU.Build.0 = Debug|Any CPU
		{90ACF161-FD3C-4195-9679-F50591CE0F7E}.Release|Any CPU.ActiveCfg = Release|Any CPU
		{90ACF161-FD3C-4195-9679-F50591CE0F7E}.Release|Any CPU.Build.0 = Release|Any CPU
	EndGlobalSection
	GlobalSection(SolutionProperties) = preSolution
		HideSolutionNode = FALSE
	EndGlobalSection
	GlobalSection(ExtensibilityGlobals) = postSolution
		SolutionGuid = {506B82B2-CF66-4439-BB28-31E4846E32B9}
	EndGlobalSection
EndGlobal
