
Microsoft Visual Studio Solution File, Format Version 12.00
# Visual Studio 15
VisualStudioVersion = 15.0.28307.1062
MinimumVisualStudioVersion = 10.0.40219.1
Project("{FAE04EC0-301F-11D3-BF4B-00C04F79EFBC}") = "ListForeach", "Homework4\ListForeach.csproj", "{78CBF27F-080D-4754-925F-2379FB39FED1}"
EndProject
Project("{FAE04EC0-301F-11D3-BF4B-00C04F79EFBC}") = "AlarmClock", "AlarmClock\AlarmClock.csproj", "{D4E324B9-579C-4FD5-9B44-AEC3C46DC66B}"
EndProject
Global
	GlobalSection(SolutionConfigurationPlatforms) = preSolution
		Debug|Any CPU = Debug|Any CPU
		Release|Any CPU = Release|Any CPU
	EndGlobalSection
	GlobalSection(ProjectConfigurationPlatforms) = postSolution
		{78CBF27F-080D-4754-925F-2379FB39FED1}.Debug|Any CPU.ActiveCfg = Debug|Any CPU
		{78CBF27F-080D-4754-925F-2379FB39FED1}.Debug|Any CPU.Build.0 = Debug|Any CPU
		{78CBF27F-080D-4754-925F-2379FB39FED1}.Release|Any CPU.ActiveCfg = Release|Any CPU
		{78CBF27F-080D-4754-925F-2379FB39FED1}.Release|Any CPU.Build.0 = Release|Any CPU
		{D4E324B9-579C-4FD5-9B44-AEC3C46DC66B}.Debug|Any CPU.ActiveCfg = Debug|Any CPU
		{D4E324B9-579C-4FD5-9B44-AEC3C46DC66B}.Debug|Any CPU.Build.0 = Debug|Any CPU
		{D4E324B9-579C-4FD5-9B44-AEC3C46DC66B}.Release|Any CPU.ActiveCfg = Release|Any CPU
		{D4E324B9-579C-4FD5-9B44-AEC3C46DC66B}.Release|Any CPU.Build.0 = Release|Any CPU
	EndGlobalSection
	GlobalSection(SolutionProperties) = preSolution
		HideSolutionNode = FALSE
	EndGlobalSection
	GlobalSection(ExtensibilityGlobals) = postSolution
		SolutionGuid = {8C7F61F6-64F4-4C0A-AB00-4976D9984CAA}
	EndGlobalSection
EndGlobal
